# Code generated by scarb DO NOT EDIT.
version = 1

[[package]]
name = "alexandria_merkle_tree"
version = "0.1.0"
source = "git+https://github.com/keep-starknet-strange/alexandria.git?rev=fe337ab#fe337ab079a2837c391932bdc702351d6798366a"

[[package]]
name = "cairo_lib"
version = "0.2.0"
source = "git+https://github.com/feltroidprime/cairo-lib.git?rev=eaeecf3#eaeecf310ec8f5b2484f7ee17fbf6b6d2c216bf1"

[[package]]
name = "herodotus_eth_starknet"
version = "0.1.0"
dependencies = [
 "alexandria_merkle_tree",
 "cairo_lib",
 "snforge_std",
]

[[package]]
name = "snforge_std"
version = "0.21.0"
source = "git+https://github.com/foundry-rs/starknet-foundry.git?tag=v0.21.0#2996b8c1dd66b2715fc67e69578089f278a46790"
